
Microsoft Visual Studio Solution File, Format Version 12.00
# Visual Studio Version 17
VisualStudioVersion = 17.0.32112.339
MinimumVisualStudioVersion = 10.0.40219.1
Project("{8BC9CEB8-8B4A-11D0-8D11-00A0C91BC942}") = "w9q3", "w9q3\w9q3.vcxproj", "{950F9AF7-B0E2-472C-AB6B-E522A1F99742}"
EndProject
Global
	GlobalSection(SolutionConfigurationPlatforms) = preSolution
		Debug|x64 = Debug|x64
		Debug|x86 = Debug|x86
		Release|x64 = Release|x64
		Release|x86 = Release|x86
	EndGlobalSection
	GlobalSection(ProjectConfigurationPlatforms) = postSolution
		{950F9AF7-B0E2-472C-AB6B-E522A1F99742}.Debug|x64.ActiveCfg = Debug|x64
		{950F9AF7-B0E2-472C-AB6B-E522A1F99742}.Debug|x64.Build.0 = Debug|x64
		{950F9AF7-B0E2-472C-AB6B-E522A1F99742}.Debug|x86.ActiveCfg = Debug|Win32
		{950F9AF7-B0E2-472C-AB6B-E522A1F99742}.Debug|x86.Build.0 = Debug|Win32
		{950F9AF7-B0E2-472C-AB6B-E522A1F99742}.Release|x64.ActiveCfg = Release|x64
		{950F9AF7-B0E2-472C-AB6B-E522A1F99742}.Release|x64.Build.0 = Release|x64
		{950F9AF7-B0E2-472C-AB6B-E522A1F99742}.Release|x86.ActiveCfg = Release|Win32
		{950F9AF7-B0E2-472C-AB6B-E522A1F99742}.Release|x86.Build.0 = Release|Win32
	EndGlobalSection
	GlobalSection(SolutionProperties) = preSolution
		HideSolutionNode = FALSE
	EndGlobalSection
	GlobalSection(ExtensibilityGlobals) = postSolution
		SolutionGuid = {506B1CD8-4E5A-46D6-9B15-482A116C1772}
	EndGlobalSection
EndGlobal
