
Microsoft Visual Studio Solution File, Format Version 12.00
# Visual Studio Version 17
VisualStudioVersion = 17.0.32112.339
MinimumVisualStudioVersion = 10.0.40219.1
Project("{8BC9CEB8-8B4A-11D0-8D11-00A0C91BC942}") = "w9q1", "w9q1\w9q1.vcxproj", "{B510FE84-796B-4321-B7FB-E8F297A06978}"
EndProject
Global
	GlobalSection(SolutionConfigurationPlatforms) = preSolution
		Debug|x64 = Debug|x64
		Debug|x86 = Debug|x86
		Release|x64 = Release|x64
		Release|x86 = Release|x86
	EndGlobalSection
	GlobalSection(ProjectConfigurationPlatforms) = postSolution
		{B510FE84-796B-4321-B7FB-E8F297A06978}.Debug|x64.ActiveCfg = Debug|x64
		{B510FE84-796B-4321-B7FB-E8F297A06978}.Debug|x64.Build.0 = Debug|x64
		{B510FE84-796B-4321-B7FB-E8F297A06978}.Debug|x86.ActiveCfg = Debug|Win32
		{B510FE84-796B-4321-B7FB-E8F297A06978}.Debug|x86.Build.0 = Debug|Win32
		{B510FE84-796B-4321-B7FB-E8F297A06978}.Release|x64.ActiveCfg = Release|x64
		{B510FE84-796B-4321-B7FB-E8F297A06978}.Release|x64.Build.0 = Release|x64
		{B510FE84-796B-4321-B7FB-E8F297A06978}.Release|x86.ActiveCfg = Release|Win32
		{B510FE84-796B-4321-B7FB-E8F297A06978}.Release|x86.Build.0 = Release|Win32
	EndGlobalSection
	GlobalSection(SolutionProperties) = preSolution
		HideSolutionNode = FALSE
	EndGlobalSection
	GlobalSection(ExtensibilityGlobals) = postSolution
		SolutionGuid = {30862A84-90FE-4CC0-81FB-6FD15A3F9F96}
	EndGlobalSection
EndGlobal
